// !$*UTF8*$!
{
	archiveVersion = 1;
	classes = {
	};
	objectVersion = 56;
	objects = {

/* Begin PBXBuildFile section */
		FB46A0612B2DD7D100BBADD9 /* Projekt_WatchApp.swift in Sources */ = {isa = PBXBuildFile; fileRef = FB46A0602B2DD7D100BBADD9 /* Projekt_WatchApp.swift */; };
		FB46A0632B2DD7D100BBADD9 /* ContentView.swift in Sources */ = {isa = PBXBuildFile; fileRef = FB46A0622B2DD7D100BBADD9 /* ContentView.swift */; };
		FB46A0652B2DD7D200BBADD9 /* Assets.xcassets in Resources */ = {isa = PBXBuildFile; fileRef = FB46A0642B2DD7D200BBADD9 /* Assets.xcassets */; };
		FB46A0682B2DD7D200BBADD9 /* Preview Assets.xcassets in Resources */ = {isa = PBXBuildFile; fileRef = FB46A0672B2DD7D200BBADD9 /* Preview Assets.xcassets */; };
		FB46A0732B2DD7D300BBADD9 /* Projekt_WatchTests.swift in Sources */ = {isa = PBXBuildFile; fileRef = FB46A0722B2DD7D300BBADD9 /* Projekt_WatchTests.swift */; };
		FB46A07D2B2DD7D300BBADD9 /* Projekt_WatchUITests.swift in Sources */ = {isa = PBXBuildFile; fileRef = FB46A07C2B2DD7D300BBADD9 /* Projekt_WatchUITests.swift */; };
		FB46A07F2B2DD7D300BBADD9 /* Projekt_WatchUITestsLaunchTests.swift in Sources */ = {isa = PBXBuildFile; fileRef = FB46A07E2B2DD7D300BBADD9 /* Projekt_WatchUITestsLaunchTests.swift */; };
/* End PBXBuildFile section */

/* Begin PBXContainerItemProxy section */
		FB46A06F2B2DD7D300BBADD9 /* PBXContainerItemProxy */ = {
			isa = PBXContainerItemProxy;
			containerPortal = FB46A0552B2DD7D100BBADD9 /* Project object */;
			proxyType = 1;
			remoteGlobalIDString = FB46A05C2B2DD7D100BBADD9;
			remoteInfo = "Projekt Watch";
		};
		FB46A0792B2DD7D300BBADD9 /* PBXContainerItemProxy */ = {
			isa = PBXContainerItemProxy;
			containerPortal = FB46A0552B2DD7D100BBADD9 /* Project object */;
			proxyType = 1;
			remoteGlobalIDString = FB46A05C2B2DD7D100BBADD9;
			remoteInfo = "Projekt Watch";
		};
/* End PBXContainerItemProxy section */

/* Begin PBXFileReference section */
		FB46A05D2B2DD7D100BBADD9 /* Projekt Watch.app */ = {isa = PBXFileReference; explicitFileType = wrapper.application; includeInIndex = 0; path = "Projekt Watch.app"; sourceTree = BUILT_PRODUCTS_DIR; };
		FB46A0602B2DD7D100BBADD9 /* Projekt_WatchApp.swift */ = {isa = PBXFileReference; lastKnownFileType = sourcecode.swift; path = Projekt_WatchApp.swift; sourceTree = "<group>"; };
		FB46A0622B2DD7D100BBADD9 /* ContentView.swift */ = {isa = PBXFileReference; lastKnownFileType = sourcecode.swift; path = ContentView.swift; sourceTree = "<group>"; };
		FB46A0642B2DD7D200BBADD9 /* Assets.xcassets */ = {isa = PBXFileReference; lastKnownFileType = folder.assetcatalog; path = Assets.xcassets; sourceTree = "<group>"; };
		FB46A0672B2DD7D200BBADD9 /* Preview Assets.xcassets */ = {isa = PBXFileReference; lastKnownFileType = folder.assetcatalog; path = "Preview Assets.xcassets"; sourceTree = "<group>"; };
		FB46A0692B2DD7D200BBADD9 /* Projekt_Watch.entitlements */ = {isa = PBXFileReference; lastKnownFileType = text.plist.entitlements; path = Projekt_Watch.entitlements; sourceTree = "<group>"; };
		FB46A06E2B2DD7D300BBADD9 /* Projekt WatchTests.xctest */ = {isa = PBXFileReference; explicitFileType = wrapper.cfbundle; includeInIndex = 0; path = "Projekt WatchTests.xctest"; sourceTree = BUILT_PRODUCTS_DIR; };
		FB46A0722B2DD7D300BBADD9 /* Projekt_WatchTests.swift */ = {isa = PBXFileReference; lastKnownFileType = sourcecode.swift; path = Projekt_WatchTests.swift; sourceTree = "<group>"; };
		FB46A0782B2DD7D300BBADD9 /* Projekt WatchUITests.xctest */ = {isa = PBXFileReference; explicitFileType = wrapper.cfbundle; includeInIndex = 0; path = "Projekt WatchUITests.xctest"; sourceTree = BUILT_PRODUCTS_DIR; };
		FB46A07C2B2DD7D300BBADD9 /* Projekt_WatchUITests.swift */ = {isa = PBXFileReference; lastKnownFileType = sourcecode.swift; path = Projekt_WatchUITests.swift; sourceTree = "<group>"; };
		FB46A07E2B2DD7D300BBADD9 /* Projekt_WatchUITestsLaunchTests.swift */ = {isa = PBXFileReference; lastKnownFileType = sourcecode.swift; path = Projekt_WatchUITestsLaunchTests.swift; sourceTree = "<group>"; };
/* End PBXFileReference section */

/* Begin PBXFrameworksBuildPhase section */
		FB46A05A2B2DD7D100BBADD9 /* Frameworks */ = {
			isa = PBXFrameworksBuildPhase;
			buildActionMask = 2147483647;
			files = (
			);
			runOnlyForDeploymentPostprocessing = 0;
		};
		FB46A06B2B2DD7D300BBADD9 /* Frameworks */ = {
			isa = PBXFrameworksBuildPhase;
			buildActionMask = 2147483647;
			files = (
			);
			runOnlyForDeploymentPostprocessing = 0;
		};
		FB46A0752B2DD7D300BBADD9 /* Frameworks */ = {
			isa = PBXFrameworksBuildPhase;
			buildActionMask = 2147483647;
			files = (
			);
			runOnlyForDeploymentPostprocessing = 0;
		};
/* End PBXFrameworksBuildPhase section */

/* Begin PBXGroup section */
		FB46A0542B2DD7D100BBADD9 = {
			isa = PBXGroup;
			children = (
				FB46A05F2B2DD7D100BBADD9 /* Projekt Watch */,
				FB46A0712B2DD7D300BBADD9 /* Projekt WatchTests */,
				FB46A07B2B2DD7D300BBADD9 /* Projekt WatchUITests */,
				FB46A05E2B2DD7D100BBADD9 /* Products */,
			);
			sourceTree = "<group>";
		};
		FB46A05E2B2DD7D100BBADD9 /* Products */ = {
			isa = PBXGroup;
			children = (
				FB46A05D2B2DD7D100BBADD9 /* Projekt Watch.app */,
				FB46A06E2B2DD7D300BBADD9 /* Projekt WatchTests.xctest */,
				FB46A0782B2DD7D300BBADD9 /* Projekt WatchUITests.xctest */,
			);
			name = Products;
			sourceTree = "<group>";
		};
		FB46A05F2B2DD7D100BBADD9 /* Projekt Watch */ = {
			isa = PBXGroup;
			children = (
				FB46A0602B2DD7D100BBADD9 /* Projekt_WatchApp.swift */,
				FB46A0622B2DD7D100BBADD9 /* ContentView.swift */,
				FB46A0642B2DD7D200BBADD9 /* Assets.xcassets */,
				FB46A0692B2DD7D200BBADD9 /* Projekt_Watch.entitlements */,
				FB46A0662B2DD7D200BBADD9 /* Preview Content */,
			);
			path = "Projekt Watch";
			sourceTree = "<group>";
		};
		FB46A0662B2DD7D200BBADD9 /* Preview Content */ = {
			isa = PBXGroup;
			children = (
				FB46A0672B2DD7D200BBADD9 /* Preview Assets.xcassets */,
			);
			path = "Preview Content";
			sourceTree = "<group>";
		};
		FB46A0712B2DD7D300BBADD9 /* Projekt WatchTests */ = {
			isa = PBXGroup;
			children = (
				FB46A0722B2DD7D300BBADD9 /* Projekt_WatchTests.swift */,
			);
			path = "Projekt WatchTests";
			sourceTree = "<group>";
		};
		FB46A07B2B2DD7D300BBADD9 /* Projekt WatchUITests */ = {
			isa = PBXGroup;
			children = (
				FB46A07C2B2DD7D300BBADD9 /* Projekt_WatchUITests.swift */,
				FB46A07E2B2DD7D300BBADD9 /* Projekt_WatchUITestsLaunchTests.swift */,
			);
			path = "Projekt WatchUITests";
			sourceTree = "<group>";
		};
/* End PBXGroup section */

/* Begin PBXNativeTarget section */
		FB46A05C2B2DD7D100BBADD9 /* Projekt Watch */ = {
			isa = PBXNativeTarget;
			buildConfigurationList = FB46A0822B2DD7D300BBADD9 /* Build configuration list for PBXNativeTarget "Projekt Watch" */;
			buildPhases = (
				FB46A0592B2DD7D100BBADD9 /* Sources */,
				FB46A05A2B2DD7D100BBADD9 /* Frameworks */,
				FB46A05B2B2DD7D100BBADD9 /* Resources */,
			);
			buildRules = (
			);
			dependencies = (
			);
			name = "Projekt Watch";
			productName = "Projekt Watch";
			productReference = FB46A05D2B2DD7D100BBADD9 /* Projekt Watch.app */;
			productType = "com.apple.product-type.application";
		};
		FB46A06D2B2DD7D300BBADD9 /* Projekt WatchTests */ = {
			isa = PBXNativeTarget;
			buildConfigurationList = FB46A0852B2DD7D300BBADD9 /* Build configuration list for PBXNativeTarget "Projekt WatchTests" */;
			buildPhases = (
				FB46A06A2B2DD7D300BBADD9 /* Sources */,
				FB46A06B2B2DD7D300BBADD9 /* Frameworks */,
				FB46A06C2B2DD7D300BBADD9 /* Resources */,
			);
			buildRules = (
			);
			dependencies = (
				FB46A0702B2DD7D300BBADD9 /* PBXTargetDependency */,
			);
			name = "Projekt WatchTests";
			productName = "Projekt WatchTests";
			productReference = FB46A06E2B2DD7D300BBADD9 /* Projekt WatchTests.xctest */;
			productType = "com.apple.product-type.bundle.unit-test";
		};
		FB46A0772B2DD7D300BBADD9 /* Projekt WatchUITests */ = {
			isa = PBXNativeTarget;
			buildConfigurationList = FB46A0882B2DD7D300BBADD9 /* Build configuration list for PBXNativeTarget "Projekt WatchUITests" */;
			buildPhases = (
				FB46A0742B2DD7D300BBADD9 /* Sources */,
				FB46A0752B2DD7D300BBADD9 /* Frameworks */,
				FB46A0762B2DD7D300BBADD9 /* Resources */,
			);
			buildRules = (
			);
			dependencies = (
				FB46A07A2B2DD7D300BBADD9 /* PBXTargetDependency */,
			);
			name = "Projekt WatchUITests";
			productName = "Projekt WatchUITests";
			productReference = FB46A0782B2DD7D300BBADD9 /* Projekt WatchUITests.xctest */;
			productType = "com.apple.product-type.bundle.ui-testing";
		};
/* End PBXNativeTarget section */

/* Begin PBXProject section */
		FB46A0552B2DD7D100BBADD9 /* Project object */ = {
			isa = PBXProject;
			attributes = {
				BuildIndependentTargetsInParallel = 1;
				LastSwiftUpdateCheck = 1500;
				LastUpgradeCheck = 1500;
				TargetAttributes = {
					FB46A05C2B2DD7D100BBADD9 = {
						CreatedOnToolsVersion = 15.0.1;
					};
					FB46A06D2B2DD7D300BBADD9 = {
						CreatedOnToolsVersion = 15.0.1;
						TestTargetID = FB46A05C2B2DD7D100BBADD9;
					};
					FB46A0772B2DD7D300BBADD9 = {
						CreatedOnToolsVersion = 15.0.1;
						TestTargetID = FB46A05C2B2DD7D100BBADD9;
					};
				};
			};
			buildConfigurationList = FB46A0582B2DD7D100BBADD9 /* Build configuration list for PBXProject "Projekt Watch" */;
			compatibilityVersion = "Xcode 14.0";
			developmentRegion = en;
			hasScannedForEncodings = 0;
			knownRegions = (
				en,
				Base,
			);
			mainGroup = FB46A0542B2DD7D100BBADD9;
			productRefGroup = FB46A05E2B2DD7D100BBADD9 /* Products */;
			projectDirPath = "";
			projectRoot = "";
			targets = (
				FB46A05C2B2DD7D100BBADD9 /* Projekt Watch */,
				FB46A06D2B2DD7D300BBADD9 /* Projekt WatchTests */,
				FB46A0772B2DD7D300BBADD9 /* Projekt WatchUITests */,
			);
		};
/* End PBXProject section */

/* Begin PBXResourcesBuildPhase section */
		FB46A05B2B2DD7D100BBADD9 /* Resources */ = {
			isa = PBXResourcesBuildPhase;
			buildActionMask = 2147483647;
			files = (
				FB46A0682B2DD7D200BBADD9 /* Preview Assets.xcassets in Resources */,
				FB46A0652B2DD7D200BBADD9 /* Assets.xcassets in Resources */,
			);
			runOnlyForDeploymentPostprocessing = 0;
		};
		FB46A06C2B2DD7D300BBADD9 /* Resources */ = {
			isa = PBXResourcesBuildPhase;
			buildActionMask = 2147483647;
			files = (
			);
			runOnlyForDeploymentPostprocessing = 0;
		};
		FB46A0762B2DD7D300BBADD9 /* Resources */ = {
			isa = PBXResourcesBuildPhase;
			buildActionMask = 2147483647;
			files = (
			);
			runOnlyForDeploymentPostprocessing = 0;
		};
/* End PBXResourcesBuildPhase section */

/* Begin PBXSourcesBuildPhase section */
		FB46A0592B2DD7D100BBADD9 /* Sources */ = {
			isa = PBXSourcesBuildPhase;
			buildActionMask = 2147483647;
			files = (
				FB46A0632B2DD7D100BBADD9 /* ContentView.swift in Sources */,
				FB46A0612B2DD7D100BBADD9 /* Projekt_WatchApp.swift in Sources */,
			);
			runOnlyForDeploymentPostprocessing = 0;
		};
		FB46A06A2B2DD7D300BBADD9 /* Sources */ = {
			isa = PBXSourcesBuildPhase;
			buildActionMask = 2147483647;
			files = (
				FB46A0732B2DD7D300BBADD9 /* Projekt_WatchTests.swift in Sources */,
			);
			runOnlyForDeploymentPostprocessing = 0;
		};
		FB46A0742B2DD7D300BBADD9 /* Sources */ = {
			isa = PBXSourcesBuildPhase;
			buildActionMask = 2147483647;
			files = (
				FB46A07F2B2DD7D300BBADD9 /* Projekt_WatchUITestsLaunchTests.swift in Sources */,
				FB46A07D2B2DD7D300BBADD9 /* Projekt_WatchUITests.swift in Sources */,
			);
			runOnlyForDeploymentPostprocessing = 0;
		};
/* End PBXSourcesBuildPhase section */

/* Begin PBXTargetDependency section */
		FB46A0702B2DD7D300BBADD9 /* PBXTargetDependency */ = {
			isa = PBXTargetDependency;
			target = FB46A05C2B2DD7D100BBADD9 /* Projekt Watch */;
			targetProxy = FB46A06F2B2DD7D300BBADD9 /* PBXContainerItemProxy */;
		};
		FB46A07A2B2DD7D300BBADD9 /* PBXTargetDependency */ = {
			isa = PBXTargetDependency;
			target = FB46A05C2B2DD7D100BBADD9 /* Projekt Watch */;
			targetProxy = FB46A0792B2DD7D300BBADD9 /* PBXContainerItemProxy */;
		};
/* End PBXTargetDependency section */

/* Begin XCBuildConfiguration section */
		FB46A0802B2DD7D300BBADD9 /* Debug */ = {
			isa = XCBuildConfiguration;
			buildSettings = {
				ALWAYS_SEARCH_USER_PATHS = NO;
				ASSETCATALOG_COMPILER_GENERATE_SWIFT_ASSET_SYMBOL_EXTENSIONS = YES;
				CLANG_ANALYZER_NONNULL = YES;
				CLANG_ANALYZER_NUMBER_OBJECT_CONVERSION = YES_AGGRESSIVE;
				CLANG_CXX_LANGUAGE_STANDARD = "gnu++20";
				CLANG_ENABLE_MODULES = YES;
				CLANG_ENABLE_OBJC_ARC = YES;
				CLANG_ENABLE_OBJC_WEAK = YES;
				CLANG_WARN_BLOCK_CAPTURE_AUTORELEASING = YES;
				CLANG_WARN_BOOL_CONVERSION = YES;
				CLANG_WARN_COMMA = YES;
				CLANG_WARN_CONSTANT_CONVERSION = YES;
				CLANG_WARN_DEPRECATED_OBJC_IMPLEMENTATIONS = YES;
				CLANG_WARN_DIRECT_OBJC_ISA_USAGE = YES_ERROR;
				CLANG_WARN_DOCUMENTATION_COMMENTS = YES;
				CLANG_WARN_EMPTY_BODY = YES;
				CLANG_WARN_ENUM_CONVERSION = YES;
				CLANG_WARN_INFINITE_RECURSION = YES;
				CLANG_WARN_INT_CONVERSION = YES;
				CLANG_WARN_NON_LITERAL_NULL_CONVERSION = YES;
				CLANG_WARN_OBJC_IMPLICIT_RETAIN_SELF = YES;
				CLANG_WARN_OBJC_LITERAL_CONVERSION = YES;
				CLANG_WARN_OBJC_ROOT_CLASS = YES_ERROR;
				CLANG_WARN_QUOTED_INCLUDE_IN_FRAMEWORK_HEADER = YES;
				CLANG_WARN_RANGE_LOOP_ANALYSIS = YES;
				CLANG_WARN_STRICT_PROTOTYPES = YES;
				CLANG_WARN_SUSPICIOUS_MOVE = YES;
				CLANG_WARN_UNGUARDED_AVAILABILITY = YES_AGGRESSIVE;
				CLANG_WARN_UNREACHABLE_CODE = YES;
				CLANG_WARN__DUPLICATE_METHOD_MATCH = YES;
				COPY_PHASE_STRIP = NO;
				DEBUG_INFORMATION_FORMAT = dwarf;
				ENABLE_STRICT_OBJC_MSGSEND = YES;
				ENABLE_TESTABILITY = YES;
				ENABLE_USER_SCRIPT_SANDBOXING = YES;
				GCC_C_LANGUAGE_STANDARD = gnu17;
				GCC_DYNAMIC_NO_PIC = NO;
				GCC_NO_COMMON_BLOCKS = YES;
				GCC_OPTIMIZATION_LEVEL = 0;
				GCC_PREPROCESSOR_DEFINITIONS = (
					"DEBUG=1",
					"$(inherited)",
				);
				GCC_WARN_64_TO_32_BIT_CONVERSION = YES;
				GCC_WARN_ABOUT_RETURN_TYPE = YES_ERROR;
				GCC_WARN_UNDECLARED_SELECTOR = YES;
				GCC_WARN_UNINITIALIZED_AUTOS = YES_AGGRESSIVE;
				GCC_WARN_UNUSED_FUNCTION = YES;
				GCC_WARN_UNUSED_VARIABLE = YES;
				LOCALIZATION_PREFERS_STRING_CATALOGS = YES;
				MACOSX_DEPLOYMENT_TARGET = 13.6;
				MTL_ENABLE_DEBUG_INFO = INCLUDE_SOURCE;
				MTL_FAST_MATH = YES;
				ONLY_ACTIVE_ARCH = YES;
				SDKROOT = macosx;
				SWIFT_ACTIVE_COMPILATION_CONDITIONS = "DEBUG $(inherited)";
				SWIFT_OPTIMIZATION_LEVEL = "-Onone";
			};
			name = Debug;
		};
		FB46A0812B2DD7D300BBADD9 /* Release */ = {
			isa = XCBuildConfiguration;
			buildSettings = {
				ALWAYS_SEARCH_USER_PATHS = NO;
				ASSETCATALOG_COMPILER_GENERATE_SWIFT_ASSET_SYMBOL_EXTENSIONS = YES;
				CLANG_ANALYZER_NONNULL = YES;
				CLANG_ANALYZER_NUMBER_OBJECT_CONVERSION = YES_AGGRESSIVE;
				CLANG_CXX_LANGUAGE_STANDARD = "gnu++20";
				CLANG_ENABLE_MODULES = YES;
				CLANG_ENABLE_OBJC_ARC = YES;
				CLANG_ENABLE_OBJC_WEAK = YES;
				CLANG_WARN_BLOCK_CAPTURE_AUTORELEASING = YES;
				CLANG_WARN_BOOL_CONVERSION = YES;
				CLANG_WARN_COMMA = YES;
				CLANG_WARN_CONSTANT_CONVERSION = YES;
				CLANG_WARN_DEPRECATED_OBJC_IMPLEMENTATIONS = YES;
				CLANG_WARN_DIRECT_OBJC_ISA_USAGE = YES_ERROR;
				CLANG_WARN_DOCUMENTATION_COMMENTS = YES;
				CLANG_WARN_EMPTY_BODY = YES;
				CLANG_WARN_ENUM_CONVERSION = YES;
				CLANG_WARN_INFINITE_RECURSION = YES;
				CLANG_WARN_INT_CONVERSION = YES;
				CLANG_WARN_NON_LITERAL_NULL_CONVERSION = YES;
				CLANG_WARN_OBJC_IMPLICIT_RETAIN_SELF = YES;
				CLANG_WARN_OBJC_LITERAL_CONVERSION = YES;
				CLANG_WARN_OBJC_ROOT_CLASS = YES_ERROR;
				CLANG_WARN_QUOTED_INCLUDE_IN_FRAMEWORK_HEADER = YES;
				CLANG_WARN_RANGE_LOOP_ANALYSIS = YES;
				CLANG_WARN_STRICT_PROTOTYPES = YES;
				CLANG_WARN_SUSPICIOUS_MOVE = YES;
				CLANG_WARN_UNGUARDED_AVAILABILITY = YES_AGGRESSIVE;
				CLANG_WARN_UNREACHABLE_CODE = YES;
				CLANG_WARN__DUPLICATE_METHOD_MATCH = YES;
				COPY_PHASE_STRIP = NO;
				DEBUG_INFORMATION_FORMAT = "dwarf-with-dsym";
				ENABLE_NS_ASSERTIONS = NO;
				ENABLE_STRICT_OBJC_MSGSEND = YES;
				ENABLE_USER_SCRIPT_SANDBOXING = YES;
				GCC_C_LANGUAGE_STANDARD = gnu17;
				GCC_NO_COMMON_BLOCKS = YES;
				GCC_WARN_64_TO_32_BIT_CONVERSION = YES;
				GCC_WARN_ABOUT_RETURN_TYPE = YES_ERROR;
				GCC_WARN_UNDECLARED_SELECTOR = YES;
				GCC_WARN_UNINITIALIZED_AUTOS = YES_AGGRESSIVE;
				GCC_WARN_UNUSED_FUNCTION = YES;
				GCC_WARN_UNUSED_VARIABLE = YES;
				LOCALIZATION_PREFERS_STRING_CATALOGS = YES;
				MACOSX_DEPLOYMENT_TARGET = 13.6;
				MTL_ENABLE_DEBUG_INFO = NO;
				MTL_FAST_MATH = YES;
				SDKROOT = macosx;
				SWIFT_COMPILATION_MODE = wholemodule;
			};
			name = Release;
		};
		FB46A0832B2DD7D300BBADD9 /* Debug */ = {
			isa = XCBuildConfiguration;
			buildSettings = {
				ASSETCATALOG_COMPILER_APPICON_NAME = AppIcon;
				ASSETCATALOG_COMPILER_GLOBAL_ACCENT_COLOR_NAME = AccentColor;
				CODE_SIGN_ENTITLEMENTS = "Projekt Watch/Projekt_Watch.entitlements";
				CODE_SIGN_STYLE = Automatic;
				COMBINE_HIDPI_IMAGES = YES;
				CURRENT_PROJECT_VERSION = 1;
				DEVELOPMENT_ASSET_PATHS = "\"Projekt Watch/Preview Content\"";
				ENABLE_PREVIEWS = YES;
				GENERATE_INFOPLIST_FILE = YES;
				INFOPLIST_KEY_NSHumanReadableCopyright = "";
				LD_RUNPATH_SEARCH_PATHS = (
					"$(inherited)",
					"@executable_path/../Frameworks",
				);
				MARKETING_VERSION = 1.0;
				PRODUCT_BUNDLE_IDENTIFIER = "Projekt-Watch.Projekt-Watch";
				PRODUCT_NAME = "$(TARGET_NAME)";
				SWIFT_EMIT_LOC_STRINGS = YES;
				SWIFT_VERSION = 5.0;
			};
			name = Debug;
		};
		FB46A0842B2DD7D300BBADD9 /* Release */ = {
			isa = XCBuildConfiguration;
			buildSettings = {
				ASSETCATALOG_COMPILER_APPICON_NAME = AppIcon;
				ASSETCATALOG_COMPILER_GLOBAL_ACCENT_COLOR_NAME = AccentColor;
				CODE_SIGN_ENTITLEMENTS = "Projekt Watch/Projekt_Watch.entitlements";
				CODE_SIGN_STYLE = Automatic;
				COMBINE_HIDPI_IMAGES = YES;
				CURRENT_PROJECT_VERSION = 1;
				DEVELOPMENT_ASSET_PATHS = "\"Projekt Watch/Preview Content\"";
				ENABLE_PREVIEWS = YES;
				GENERATE_INFOPLIST_FILE = YES;
				INFOPLIST_KEY_NSHumanReadableCopyright = "";
				LD_RUNPATH_SEARCH_PATHS = (
					"$(inherited)",
					"@executable_path/../Frameworks",
				);
				MARKETING_VERSION = 1.0;
				PRODUCT_BUNDLE_IDENTIFIER = "Projekt-Watch.Projekt-Watch";
				PRODUCT_NAME = "$(TARGET_NAME)";
				SWIFT_EMIT_LOC_STRINGS = YES;
				SWIFT_VERSION = 5.0;
			};
			name = Release;
		};
		FB46A0862B2DD7D300BBADD9 /* Debug */ = {
			isa = XCBuildConfiguration;
			buildSettings = {
				ALWAYS_EMBED_SWIFT_STANDARD_LIBRARIES = YES;
				BUNDLE_LOADER = "$(TEST_HOST)";
				CODE_SIGN_STYLE = Automatic;
				CURRENT_PROJECT_VERSION = 1;
				GENERATE_INFOPLIST_FILE = YES;
				MACOSX_DEPLOYMENT_TARGET = 13.6;
				MARKETING_VERSION = 1.0;
				PRODUCT_BUNDLE_IDENTIFIER = "Projekt-Watch.Projekt-WatchTests";
				PRODUCT_NAME = "$(TARGET_NAME)";
				SWIFT_EMIT_LOC_STRINGS = NO;
				SWIFT_VERSION = 5.0;
				TEST_HOST = "$(BUILT_PRODUCTS_DIR)/Projekt Watch.app/$(BUNDLE_EXECUTABLE_FOLDER_PATH)/Projekt Watch";
			};
			name = Debug;
		};
		FB46A0872B2DD7D300BBADD9 /* Release */ = {
			isa = XCBuildConfiguration;
			buildSettings = {
				ALWAYS_EMBED_SWIFT_STANDARD_LIBRARIES = YES;
				BUNDLE_LOADER = "$(TEST_HOST)";
				CODE_SIGN_STYLE = Automatic;
				CURRENT_PROJECT_VERSION = 1;
				GENERATE_INFOPLIST_FILE = YES;
				MACOSX_DEPLOYMENT_TARGET = 13.6;
				MARKETING_VERSION = 1.0;
				PRODUCT_BUNDLE_IDENTIFIER = "Projekt-Watch.Projekt-WatchTests";
				PRODUCT_NAME = "$(TARGET_NAME)";
				SWIFT_EMIT_LOC_STRINGS = NO;
				SWIFT_VERSION = 5.0;
				TEST_HOST = "$(BUILT_PRODUCTS_DIR)/Projekt Watch.app/$(BUNDLE_EXECUTABLE_FOLDER_PATH)/Projekt Watch";
			};
			name = Release;
		};
		FB46A0892B2DD7D300BBADD9 /* Debug */ = {
			isa = XCBuildConfiguration;
			buildSettings = {
				ALWAYS_EMBED_SWIFT_STANDARD_LIBRARIES = YES;
				CODE_SIGN_STYLE = Automatic;
				CURRENT_PROJECT_VERSION = 1;
				GENERATE_INFOPLIST_FILE = YES;
				MARKETING_VERSION = 1.0;
				PRODUCT_BUNDLE_IDENTIFIER = "Projekt-Watch.Projekt-WatchUITests";
				PRODUCT_NAME = "$(TARGET_NAME)";
				SWIFT_EMIT_LOC_STRINGS = NO;
				SWIFT_VERSION = 5.0;
				TEST_TARGET_NAME = "Projekt Watch";
			};
			name = Debug;
		};
		FB46A08A2B2DD7D300BBADD9 /* Release */ = {
			isa = XCBuildConfiguration;
			buildSettings = {
				ALWAYS_EMBED_SWIFT_STANDARD_LIBRARIES = YES;
				CODE_SIGN_STYLE = Automatic;
				CURRENT_PROJECT_VERSION = 1;
				GENERATE_INFOPLIST_FILE = YES;
				MARKETING_VERSION = 1.0;
				PRODUCT_BUNDLE_IDENTIFIER = "Projekt-Watch.Projekt-WatchUITests";
				PRODUCT_NAME = "$(TARGET_NAME)";
				SWIFT_EMIT_LOC_STRINGS = NO;
				SWIFT_VERSION = 5.0;
				TEST_TARGET_NAME = "Projekt Watch";
			};
			name = Release;
		};
/* End XCBuildConfiguration section */

/* Begin XCConfigurationList section */
		FB46A0582B2DD7D100BBADD9 /* Build configuration list for PBXProject "Projekt Watch" */ = {
			isa = XCConfigurationList;
			buildConfigurations = (
				FB46A0802B2DD7D300BBADD9 /* Debug */,
				FB46A0812B2DD7D300BBADD9 /* Release */,
			);
			defaultConfigurationIsVisible = 0;
			defaultConfigurationName = Release;
		};
		FB46A0822B2DD7D300BBADD9 /* Build configuration list for PBXNativeTarget "Projekt Watch" */ = {
			isa = XCConfigurationList;
			buildConfigurations = (
				FB46A0832B2DD7D300BBADD9 /* Debug */,
				FB46A0842B2DD7D300BBADD9 /* Release */,
			);
			defaultConfigurationIsVisible = 0;
			defaultConfigurationName = Release;
		};
		FB46A0852B2DD7D300BBADD9 /* Build configuration list for PBXNativeTarget "Projekt WatchTests" */ = {
			isa = XCConfigurationList;
			buildConfigurations = (
				FB46A0862B2DD7D300BBADD9 /* Debug */,
				FB46A0872B2DD7D300BBADD9 /* Release */,
			);
			defaultConfigurationIsVisible = 0;
			defaultConfigurationName = Release;
		};
		FB46A0882B2DD7D300BBADD9 /* Build configuration list for PBXNativeTarget "Projekt WatchUITests" */ = {
			isa = XCConfigurationList;
			buildConfigurations = (
				FB46A0892B2DD7D300BBADD9 /* Debug */,
				FB46A08A2B2DD7D300BBADD9 /* Release */,
			);
			defaultConfigurationIsVisible = 0;
			defaultConfigurationName = Release;
		};
/* End XCConfigurationList section */
	};
	rootObject = FB46A0552B2DD7D100BBADD9 /* Project object */;
}
